{
  "name": "see-u-ui-project",
  "lockfileVersion": 3,
  "requires": true,
  "packages": {
    "": {
      "dependencies": {
        "see-u-ui": "^1.0.13"
      }
    },
    "node_modules/see-u-ui": {
      "version": "1.0.13",
      "resolved": "https://registry.npmjs.org/see-u-ui/-/see-u-ui-1.0.13.tgz",
      "integrity": "sha512-7Sp7W1iIqpE/22M2OSaY0wzgHHG/84EDXSJQqMAQCLX2zsB1M2OE3iD2KUXNeRJwYzWKkd9C5mCTeLIuhZpZNg==",
      "license": "MIT"
    }
  }
}
